
Microsoft Visual Studio Solution File, Format Version 12.00
# Visual Studio Version 17
VisualStudioVersion = 17.10.34928.147
MinimumVisualStudioVersion = 10.0.40219.1
Project("{FAE04EC0-301F-11D3-BF4B-00C04F79EFBC}") = "CarRentalManagementSystem_V1", "CarRentalManagementSystem_V1\CarRentalManagementSystem_V1.csproj", "{5FAE954B-F7A4-4C1A-B5DE-72386A2AE779}"
EndProject
Global
	GlobalSection(SolutionConfigurationPlatforms) = preSolution
		Debug|Any CPU = Debug|Any CPU
		Release|Any CPU = Release|Any CPU
	EndGlobalSection
	GlobalSection(ProjectConfigurationPlatforms) = postSolution
		{5FAE954B-F7A4-4C1A-B5DE-72386A2AE779}.Debug|Any CPU.ActiveCfg = Debug|Any CPU
		{5FAE954B-F7A4-4C1A-B5DE-72386A2AE779}.Debug|Any CPU.Build.0 = Debug|Any CPU
		{5FAE954B-F7A4-4C1A-B5DE-72386A2AE779}.Release|Any CPU.ActiveCfg = Release|Any CPU
		{5FAE954B-F7A4-4C1A-B5DE-72386A2AE779}.Release|Any CPU.Build.0 = Release|Any CPU
	EndGlobalSection
	GlobalSection(SolutionProperties) = preSolution
		HideSolutionNode = FALSE
	EndGlobalSection
	GlobalSection(ExtensibilityGlobals) = postSolution
		SolutionGuid = {6851CD57-8BDD-41C3-A2BB-06E329CE4912}
	EndGlobalSection
EndGlobal
